
Microsoft Visual Studio Solution File, Format Version 12.00
# Visual Studio Version 16
VisualStudioVersion = 16.0.29001.49
MinimumVisualStudioVersion = 10.0.40219.1
Project("{2150E333-8FDC-42A3-9474-1A3956D46DE8}") = "src", "src", "{337EC26C-F807-4745-9572-8F450C087E37}"
EndProject
Project("{2150E333-8FDC-42A3-9474-1A3956D46DE8}") = "test", "test", "{A3A6BC7A-78D2-45DA-826E-305B1BFBCE1F}"
EndProject
Project("{E53339B2-1760-4266-BCC7-CA923CBCF16C}") = "docker-compose", "docker-compose.dcproj", "{58967F0D-31E8-437A-BC09-6A23EDF7865E}"
EndProject
Project("{2150E333-8FDC-42A3-9474-1A3956D46DE8}") = "services", "services", "{90D0CF54-43BB-4373-8D3B-43575461D08D}"
EndProject
Project("{2150E333-8FDC-42A3-9474-1A3956D46DE8}") = "Items", "Items", "{9D1C9631-2173-4DC5-88C0-315095CB24F2}"
EndProject
Project("{9A19103F-16F7-4668-BE54-9A1E7A4F7556}") = "TodoList.Items.Domain", "src\services\Items\TodoList.Items.Domain\TodoList.Items.Domain.csproj", "{44CEB93F-B075-4849-B145-1A04D2688F90}"
EndProject
Project("{9A19103F-16F7-4668-BE54-9A1E7A4F7556}") = "TodoList.Items.Infrastructure", "src\services\Items\TodoList.Items.Infrastructure\TodoList.Items.Infrastructure.csproj", "{585949B3-6C23-4247-BAAA-11F05D4FA533}"
EndProject
Project("{2150E333-8FDC-42A3-9474-1A3956D46DE8}") = "Identity", "Identity", "{AECB7377-F4D1-4625-BDA5-87301BF356F0}"
EndProject
Project("{9A19103F-16F7-4668-BE54-9A1E7A4F7556}") = "TodoList.Identity.API", "src\services\Identity\TodoList.Identity.API\TodoList.Identity.API.csproj", "{5EC529CE-7728-4625-BF17-6FD0C5C659BE}"
EndProject
Project("{9A19103F-16F7-4668-BE54-9A1E7A4F7556}") = "TodoList.Items.API", "src\services\Items\TodoList.Items.API\TodoList.Items.API.csproj", "{7A01272C-E208-4ED9-86DF-F905590DE175}"
EndProject
Project("{9A19103F-16F7-4668-BE54-9A1E7A4F7556}") = "TodoList.Items.API.Models", "src\services\Items\TodoList.Items.API.Models\TodoList.Items.API.Models.csproj", "{7410F3AE-4C40-4A8C-B2D6-0EF6C75C3CC7}"
EndProject
Project("{9A19103F-16F7-4668-BE54-9A1E7A4F7556}") = "TodoList.Items.IntegrationTests", "test\TodoList.Items.IntegrationTests\TodoList.Items.IntegrationTests.csproj", "{A19BBC3F-5E1D-4A48-9BE6-98D84D4C4F3D}"
EndProject
Project("{9A19103F-16F7-4668-BE54-9A1E7A4F7556}") = "TodoList.Items.UnitTests", "test\TodoList.Items.UnitTests\TodoList.Items.UnitTests.csproj", "{CF7E79DE-8540-46AF-815B-5B8D40940EBC}"
EndProject
Project("{2150E333-8FDC-42A3-9474-1A3956D46DE8}") = "webapps", "webapps", "{5F1EE3BE-3CF0-4F86-98A1-12378BB8F13E}"
EndProject
Project("{2150E333-8FDC-42A3-9474-1A3956D46DE8}") = "BlazorWasm", "BlazorWasm", "{4184CA92-4BDB-4D4C-9423-EE6D4A7322F8}"
EndProject
Project("{FAE04EC0-301F-11D3-BF4B-00C04F79EFBC}") = "TodoList.Client", "src\webapps\BlazorWasm\TodoList.Client\TodoList.Client.csproj", "{6D732D86-C3E3-4B78-BB54-3E1D7B9F61EB}"
EndProject
Project("{FAE04EC0-301F-11D3-BF4B-00C04F79EFBC}") = "TodoList.Client.Server", "src\webapps\BlazorWasm\TodoList.Client.Server\TodoList.Client.Server.csproj", "{659E9A35-F5AC-48FF-933B-D7546F03E220}"
EndProject
Project("{2150E333-8FDC-42A3-9474-1A3956D46DE8}") = "Health", "Health", "{107DE484-35F6-4E54-964C-C75948F07F39}"
EndProject
Project("{FAE04EC0-301F-11D3-BF4B-00C04F79EFBC}") = "TodoList.Health.Monitoring", "src\webapps\Health\TodoList.Health.Monitoring\TodoList.Health.Monitoring.csproj", "{F9F42617-7DFB-4F9C-BB31-0BA1248140A9}"
EndProject
Global
	GlobalSection(SolutionConfigurationPlatforms) = preSolution
		Debug|Any CPU = Debug|Any CPU
		Release|Any CPU = Release|Any CPU
	EndGlobalSection
	GlobalSection(ProjectConfigurationPlatforms) = postSolution
		{58967F0D-31E8-437A-BC09-6A23EDF7865E}.Debug|Any CPU.ActiveCfg = Debug|Any CPU
		{58967F0D-31E8-437A-BC09-6A23EDF7865E}.Debug|Any CPU.Build.0 = Debug|Any CPU
		{58967F0D-31E8-437A-BC09-6A23EDF7865E}.Release|Any CPU.ActiveCfg = Release|Any CPU
		{58967F0D-31E8-437A-BC09-6A23EDF7865E}.Release|Any CPU.Build.0 = Release|Any CPU
		{44CEB93F-B075-4849-B145-1A04D2688F90}.Debug|Any CPU.ActiveCfg = Debug|Any CPU
		{44CEB93F-B075-4849-B145-1A04D2688F90}.Debug|Any CPU.Build.0 = Debug|Any CPU
		{44CEB93F-B075-4849-B145-1A04D2688F90}.Release|Any CPU.ActiveCfg = Release|Any CPU
		{44CEB93F-B075-4849-B145-1A04D2688F90}.Release|Any CPU.Build.0 = Release|Any CPU
		{585949B3-6C23-4247-BAAA-11F05D4FA533}.Debug|Any CPU.ActiveCfg = Debug|Any CPU
		{585949B3-6C23-4247-BAAA-11F05D4FA533}.Debug|Any CPU.Build.0 = Debug|Any CPU
		{585949B3-6C23-4247-BAAA-11F05D4FA533}.Release|Any CPU.ActiveCfg = Release|Any CPU
		{585949B3-6C23-4247-BAAA-11F05D4FA533}.Release|Any CPU.Build.0 = Release|Any CPU
		{5EC529CE-7728-4625-BF17-6FD0C5C659BE}.Debug|Any CPU.ActiveCfg = Debug|Any CPU
		{5EC529CE-7728-4625-BF17-6FD0C5C659BE}.Debug|Any CPU.Build.0 = Debug|Any CPU
		{5EC529CE-7728-4625-BF17-6FD0C5C659BE}.Release|Any CPU.ActiveCfg = Release|Any CPU
		{5EC529CE-7728-4625-BF17-6FD0C5C659BE}.Release|Any CPU.Build.0 = Release|Any CPU
		{7A01272C-E208-4ED9-86DF-F905590DE175}.Debug|Any CPU.ActiveCfg = Debug|Any CPU
		{7A01272C-E208-4ED9-86DF-F905590DE175}.Debug|Any CPU.Build.0 = Debug|Any CPU
		{7A01272C-E208-4ED9-86DF-F905590DE175}.Release|Any CPU.ActiveCfg = Release|Any CPU
		{7A01272C-E208-4ED9-86DF-F905590DE175}.Release|Any CPU.Build.0 = Release|Any CPU
		{7410F3AE-4C40-4A8C-B2D6-0EF6C75C3CC7}.Debug|Any CPU.ActiveCfg = Debug|Any CPU
		{7410F3AE-4C40-4A8C-B2D6-0EF6C75C3CC7}.Debug|Any CPU.Build.0 = Debug|Any CPU
		{7410F3AE-4C40-4A8C-B2D6-0EF6C75C3CC7}.Release|Any CPU.ActiveCfg = Release|Any CPU
		{7410F3AE-4C40-4A8C-B2D6-0EF6C75C3CC7}.Release|Any CPU.Build.0 = Release|Any CPU
		{A19BBC3F-5E1D-4A48-9BE6-98D84D4C4F3D}.Debug|Any CPU.ActiveCfg = Debug|Any CPU
		{A19BBC3F-5E1D-4A48-9BE6-98D84D4C4F3D}.Debug|Any CPU.Build.0 = Debug|Any CPU
		{A19BBC3F-5E1D-4A48-9BE6-98D84D4C4F3D}.Release|Any CPU.ActiveCfg = Release|Any CPU
		{A19BBC3F-5E1D-4A48-9BE6-98D84D4C4F3D}.Release|Any CPU.Build.0 = Release|Any CPU
		{CF7E79DE-8540-46AF-815B-5B8D40940EBC}.Debug|Any CPU.ActiveCfg = Debug|Any CPU
		{CF7E79DE-8540-46AF-815B-5B8D40940EBC}.Debug|Any CPU.Build.0 = Debug|Any CPU
		{CF7E79DE-8540-46AF-815B-5B8D40940EBC}.Release|Any CPU.ActiveCfg = Release|Any CPU
		{CF7E79DE-8540-46AF-815B-5B8D40940EBC}.Release|Any CPU.Build.0 = Release|Any CPU
		{6D732D86-C3E3-4B78-BB54-3E1D7B9F61EB}.Debug|Any CPU.ActiveCfg = Debug|Any CPU
		{6D732D86-C3E3-4B78-BB54-3E1D7B9F61EB}.Debug|Any CPU.Build.0 = Debug|Any CPU
		{6D732D86-C3E3-4B78-BB54-3E1D7B9F61EB}.Release|Any CPU.ActiveCfg = Release|Any CPU
		{6D732D86-C3E3-4B78-BB54-3E1D7B9F61EB}.Release|Any CPU.Build.0 = Release|Any CPU
		{659E9A35-F5AC-48FF-933B-D7546F03E220}.Debug|Any CPU.ActiveCfg = Debug|Any CPU
		{659E9A35-F5AC-48FF-933B-D7546F03E220}.Debug|Any CPU.Build.0 = Debug|Any CPU
		{659E9A35-F5AC-48FF-933B-D7546F03E220}.Release|Any CPU.ActiveCfg = Release|Any CPU
		{659E9A35-F5AC-48FF-933B-D7546F03E220}.Release|Any CPU.Build.0 = Release|Any CPU
		{F9F42617-7DFB-4F9C-BB31-0BA1248140A9}.Debug|Any CPU.ActiveCfg = Debug|Any CPU
		{F9F42617-7DFB-4F9C-BB31-0BA1248140A9}.Debug|Any CPU.Build.0 = Debug|Any CPU
		{F9F42617-7DFB-4F9C-BB31-0BA1248140A9}.Release|Any CPU.ActiveCfg = Release|Any CPU
		{F9F42617-7DFB-4F9C-BB31-0BA1248140A9}.Release|Any CPU.Build.0 = Release|Any CPU
	EndGlobalSection
	GlobalSection(SolutionProperties) = preSolution
		HideSolutionNode = FALSE
	EndGlobalSection
	GlobalSection(NestedProjects) = preSolution
		{90D0CF54-43BB-4373-8D3B-43575461D08D} = {337EC26C-F807-4745-9572-8F450C087E37}
		{9D1C9631-2173-4DC5-88C0-315095CB24F2} = {90D0CF54-43BB-4373-8D3B-43575461D08D}
		{44CEB93F-B075-4849-B145-1A04D2688F90} = {9D1C9631-2173-4DC5-88C0-315095CB24F2}
		{585949B3-6C23-4247-BAAA-11F05D4FA533} = {9D1C9631-2173-4DC5-88C0-315095CB24F2}
		{AECB7377-F4D1-4625-BDA5-87301BF356F0} = {90D0CF54-43BB-4373-8D3B-43575461D08D}
		{5EC529CE-7728-4625-BF17-6FD0C5C659BE} = {AECB7377-F4D1-4625-BDA5-87301BF356F0}
		{7A01272C-E208-4ED9-86DF-F905590DE175} = {9D1C9631-2173-4DC5-88C0-315095CB24F2}
		{7410F3AE-4C40-4A8C-B2D6-0EF6C75C3CC7} = {9D1C9631-2173-4DC5-88C0-315095CB24F2}
		{A19BBC3F-5E1D-4A48-9BE6-98D84D4C4F3D} = {A3A6BC7A-78D2-45DA-826E-305B1BFBCE1F}
		{CF7E79DE-8540-46AF-815B-5B8D40940EBC} = {A3A6BC7A-78D2-45DA-826E-305B1BFBCE1F}
		{5F1EE3BE-3CF0-4F86-98A1-12378BB8F13E} = {337EC26C-F807-4745-9572-8F450C087E37}
		{4184CA92-4BDB-4D4C-9423-EE6D4A7322F8} = {5F1EE3BE-3CF0-4F86-98A1-12378BB8F13E}
		{6D732D86-C3E3-4B78-BB54-3E1D7B9F61EB} = {4184CA92-4BDB-4D4C-9423-EE6D4A7322F8}
		{659E9A35-F5AC-48FF-933B-D7546F03E220} = {4184CA92-4BDB-4D4C-9423-EE6D4A7322F8}
		{107DE484-35F6-4E54-964C-C75948F07F39} = {5F1EE3BE-3CF0-4F86-98A1-12378BB8F13E}
		{F9F42617-7DFB-4F9C-BB31-0BA1248140A9} = {107DE484-35F6-4E54-964C-C75948F07F39}
	EndGlobalSection
	GlobalSection(ExtensibilityGlobals) = postSolution
		SolutionGuid = {CF2C320D-66BF-4E26-B71D-45DF0D8802F3}
	EndGlobalSection
EndGlobal
